// !$*UTF8*$!
{
	archiveVersion = 1;
	classes = {
	};
	objectVersion = 50;
	objects = {

/* Begin PBXBuildFile section */
		080801C40C5DBED780937874 /* Pods_flixster_flixsterUITests.framework in Frameworks */ = {isa = PBXBuildFile; fileRef = D679A0BBC2A04D5C8B3BA726 /* Pods_flixster_flixsterUITests.framework */; };
		5E6A831025DB026500B1ECA1 /* AppDelegate.swift in Sources */ = {isa = PBXBuildFile; fileRef = 5E6A830F25DB026500B1ECA1 /* AppDelegate.swift */; };
		5E6A831225DB026500B1ECA1 /* SceneDelegate.swift in Sources */ = {isa = PBXBuildFile; fileRef = 5E6A831125DB026500B1ECA1 /* SceneDelegate.swift */; };
		5E6A831725DB026500B1ECA1 /* Main.storyboard in Resources */ = {isa = PBXBuildFile; fileRef = 5E6A831525DB026500B1ECA1 /* Main.storyboard */; };
		5E6A831925DB026900B1ECA1 /* Assets.xcassets in Resources */ = {isa = PBXBuildFile; fileRef = 5E6A831825DB026900B1ECA1 /* Assets.xcassets */; };
		5E6A831C25DB026900B1ECA1 /* LaunchScreen.storyboard in Resources */ = {isa = PBXBuildFile; fileRef = 5E6A831A25DB026900B1ECA1 /* LaunchScreen.storyboard */; };
		5E6A832725DB026900B1ECA1 /* flixsterTests.swift in Sources */ = {isa = PBXBuildFile; fileRef = 5E6A832625DB026900B1ECA1 /* flixsterTests.swift */; };
		5E6A833225DB026900B1ECA1 /* flixsterUITests.swift in Sources */ = {isa = PBXBuildFile; fileRef = 5E6A833125DB026900B1ECA1 /* flixsterUITests.swift */; };
		5E6A834625DB04AB00B1ECA1 /* MoviesViewController.swift in Sources */ = {isa = PBXBuildFile; fileRef = 5E6A834525DB04AB00B1ECA1 /* MoviesViewController.swift */; };
		5E6A834B25DB17D900B1ECA1 /* MovieCell.swift in Sources */ = {isa = PBXBuildFile; fileRef = 5E6A834A25DB17D900B1ECA1 /* MovieCell.swift */; };
		7A14BD7DB1C7ECFC875FBFC0 /* Pods_flixsterTests.framework in Frameworks */ = {isa = PBXBuildFile; fileRef = 90A66B9ECE3EA24A080DC546 /* Pods_flixsterTests.framework */; };
		B51484B9C47A1938CF9047CB /* Pods_flixster.framework in Frameworks */ = {isa = PBXBuildFile; fileRef = 62D91BFADA207EDF6371FA9D /* Pods_flixster.framework */; };
/* End PBXBuildFile section */

/* Begin PBXContainerItemProxy section */
		5E6A832325DB026900B1ECA1 /* PBXContainerItemProxy */ = {
			isa = PBXContainerItemProxy;
			containerPortal = 5E6A830425DB026500B1ECA1 /* Project object */;
			proxyType = 1;
			remoteGlobalIDString = 5E6A830B25DB026500B1ECA1;
			remoteInfo = flixster;
		};
		5E6A832E25DB026900B1ECA1 /* PBXContainerItemProxy */ = {
			isa = PBXContainerItemProxy;
			containerPortal = 5E6A830425DB026500B1ECA1 /* Project object */;
			proxyType = 1;
			remoteGlobalIDString = 5E6A830B25DB026500B1ECA1;
			remoteInfo = flixster;
		};
/* End PBXContainerItemProxy section */

/* Begin PBXFileReference section */
		5E6A830C25DB026500B1ECA1 /* flixster.app */ = {isa = PBXFileReference; explicitFileType = wrapper.application; includeInIndex = 0; path = flixster.app; sourceTree = BUILT_PRODUCTS_DIR; };
		5E6A830F25DB026500B1ECA1 /* AppDelegate.swift */ = {isa = PBXFileReference; lastKnownFileType = sourcecode.swift; path = AppDelegate.swift; sourceTree = "<group>"; };
		5E6A831125DB026500B1ECA1 /* SceneDelegate.swift */ = {isa = PBXFileReference; lastKnownFileType = sourcecode.swift; path = SceneDelegate.swift; sourceTree = "<group>"; };
		5E6A831625DB026500B1ECA1 /* Base */ = {isa = PBXFileReference; lastKnownFileType = file.storyboard; name = Base; path = Base.lproj/Main.storyboard; sourceTree = "<group>"; };
		5E6A831825DB026900B1ECA1 /* Assets.xcassets */ = {isa = PBXFileReference; lastKnownFileType = folder.assetcatalog; path = Assets.xcassets; sourceTree = "<group>"; };
		5E6A831B25DB026900B1ECA1 /* Base */ = {isa = PBXFileReference; lastKnownFileType = file.storyboard; name = Base; path = Base.lproj/LaunchScreen.storyboard; sourceTree = "<group>"; };
		5E6A831D25DB026900B1ECA1 /* Info.plist */ = {isa = PBXFileReference; lastKnownFileType = text.plist.xml; path = Info.plist; sourceTree = "<group>"; };
		5E6A832225DB026900B1ECA1 /* flixsterTests.xctest */ = {isa = PBXFileReference; explicitFileType = wrapper.cfbundle; includeInIndex = 0; path = flixsterTests.xctest; sourceTree = BUILT_PRODUCTS_DIR; };
		5E6A832625DB026900B1ECA1 /* flixsterTests.swift */ = {isa = PBXFileReference; lastKnownFileType = sourcecode.swift; path = flixsterTests.swift; sourceTree = "<group>"; };
		5E6A832825DB026900B1ECA1 /* Info.plist */ = {isa = PBXFileReference; lastKnownFileType = text.plist.xml; path = Info.plist; sourceTree = "<group>"; };
		5E6A832D25DB026900B1ECA1 /* flixsterUITests.xctest */ = {isa = PBXFileReference; explicitFileType = wrapper.cfbundle; includeInIndex = 0; path = flixsterUITests.xctest; sourceTree = BUILT_PRODUCTS_DIR; };
		5E6A833125DB026900B1ECA1 /* flixsterUITests.swift */ = {isa = PBXFileReference; lastKnownFileType = sourcecode.swift; path = flixsterUITests.swift; sourceTree = "<group>"; };
		5E6A833325DB026900B1ECA1 /* Info.plist */ = {isa = PBXFileReference; lastKnownFileType = text.plist.xml; path = Info.plist; sourceTree = "<group>"; };
		5E6A834525DB04AB00B1ECA1 /* MoviesViewController.swift */ = {isa = PBXFileReference; lastKnownFileType = sourcecode.swift; path = MoviesViewController.swift; sourceTree = "<group>"; };
		5E6A834A25DB17D900B1ECA1 /* MovieCell.swift */ = {isa = PBXFileReference; lastKnownFileType = sourcecode.swift; path = MovieCell.swift; sourceTree = "<group>"; };
		62D91BFADA207EDF6371FA9D /* Pods_flixster.framework */ = {isa = PBXFileReference; explicitFileType = wrapper.framework; includeInIndex = 0; path = Pods_flixster.framework; sourceTree = BUILT_PRODUCTS_DIR; };
		75C90CBCCB5D75E61131C8A7 /* Pods-flixster-flixsterUITests.debug.xcconfig */ = {isa = PBXFileReference; includeInIndex = 1; lastKnownFileType = text.xcconfig; name = "Pods-flixster-flixsterUITests.debug.xcconfig"; path = "Target Support Files/Pods-flixster-flixsterUITests/Pods-flixster-flixsterUITests.debug.xcconfig"; sourceTree = "<group>"; };
		81BDB446F7149DAA79329A0F /* Pods-flixster-flixsterUITests.release.xcconfig */ = {isa = PBXFileReference; includeInIndex = 1; lastKnownFileType = text.xcconfig; name = "Pods-flixster-flixsterUITests.release.xcconfig"; path = "Target Support Files/Pods-flixster-flixsterUITests/Pods-flixster-flixsterUITests.release.xcconfig"; sourceTree = "<group>"; };
		90A66B9ECE3EA24A080DC546 /* Pods_flixsterTests.framework */ = {isa = PBXFileReference; explicitFileType = wrapper.framework; includeInIndex = 0; path = Pods_flixsterTests.framework; sourceTree = BUILT_PRODUCTS_DIR; };
		9F5B73253CDB1FB299FD1ADE /* Pods-flixsterTests.debug.xcconfig */ = {isa = PBXFileReference; includeInIndex = 1; lastKnownFileType = text.xcconfig; name = "Pods-flixsterTests.debug.xcconfig"; path = "Target Support Files/Pods-flixsterTests/Pods-flixsterTests.debug.xcconfig"; sourceTree = "<group>"; };
		ABBCB8F5611D776CD1D4D727 /* Pods-flixsterTests.release.xcconfig */ = {isa = PBXFileReference; includeInIndex = 1; lastKnownFileType = text.xcconfig; name = "Pods-flixsterTests.release.xcconfig"; path = "Target Support Files/Pods-flixsterTests/Pods-flixsterTests.release.xcconfig"; sourceTree = "<group>"; };
		CCF94A9BBF94C4A85052744C /* Pods-flixster.debug.xcconfig */ = {isa = PBXFileReference; includeInIndex = 1; lastKnownFileType = text.xcconfig; name = "Pods-flixster.debug.xcconfig"; path = "Target Support Files/Pods-flixster/Pods-flixster.debug.xcconfig"; sourceTree = "<group>"; };
		D679A0BBC2A04D5C8B3BA726 /* Pods_flixster_flixsterUITests.framework */ = {isa = PBXFileReference; explicitFileType = wrapper.framework; includeInIndex = 0; path = Pods_flixster_flixsterUITests.framework; sourceTree = BUILT_PRODUCTS_DIR; };
		FDA0FC756F2CA12322290582 /* Pods-flixster.release.xcconfig */ = {isa = PBXFileReference; includeInIndex = 1; lastKnownFileType = text.xcconfig; name = "Pods-flixster.release.xcconfig"; path = "Target Support Files/Pods-flixster/Pods-flixster.release.xcconfig"; sourceTree = "<group>"; };
/* End PBXFileReference section */

/* Begin PBXFrameworksBuildPhase section */
		5E6A830925DB026500B1ECA1 /* Frameworks */ = {
			isa = PBXFrameworksBuildPhase;
			buildActionMask = 2147483647;
			files = (
				B51484B9C47A1938CF9047CB /* Pods_flixster.framework in Frameworks */,
			);
			runOnlyForDeploymentPostprocessing = 0;
		};
		5E6A831F25DB026900B1ECA1 /* Frameworks */ = {
			isa = PBXFrameworksBuildPhase;
			buildActionMask = 2147483647;
			files = (
				7A14BD7DB1C7ECFC875FBFC0 /* Pods_flixsterTests.framework in Frameworks */,
			);
			runOnlyForDeploymentPostprocessing = 0;
		};
		5E6A832A25DB026900B1ECA1 /* Frameworks */ = {
			isa = PBXFrameworksBuildPhase;
			buildActionMask = 2147483647;
			files = (
				080801C40C5DBED780937874 /* Pods_flixster_flixsterUITests.framework in Frameworks */,
			);
			runOnlyForDeploymentPostprocessing = 0;
		};
/* End PBXFrameworksBuildPhase section */

/* Begin PBXGroup section */
		5E6A830325DB026500B1ECA1 = {
			isa = PBXGroup;
			children = (
				5E6A830E25DB026500B1ECA1 /* flixster */,
				5E6A832525DB026900B1ECA1 /* flixsterTests */,
				5E6A833025DB026900B1ECA1 /* flixsterUITests */,
				5E6A830D25DB026500B1ECA1 /* Products */,
				CA23D6EE24B8C2282F94D521 /* Pods */,
				685257F045A2303B01F87FCC /* Frameworks */,
			);
			sourceTree = "<group>";
		};
		5E6A830D25DB026500B1ECA1 /* Products */ = {
			isa = PBXGroup;
			children = (
				5E6A830C25DB026500B1ECA1 /* flixster.app */,
				5E6A832225DB026900B1ECA1 /* flixsterTests.xctest */,
				5E6A832D25DB026900B1ECA1 /* flixsterUITests.xctest */,
			);
			name = Products;
			sourceTree = "<group>";
		};
		5E6A830E25DB026500B1ECA1 /* flixster */ = {
			isa = PBXGroup;
			children = (
				5E6A830F25DB026500B1ECA1 /* AppDelegate.swift */,
				5E6A831125DB026500B1ECA1 /* SceneDelegate.swift */,
				5E6A831525DB026500B1ECA1 /* Main.storyboard */,
				5E6A831825DB026900B1ECA1 /* Assets.xcassets */,
				5E6A831A25DB026900B1ECA1 /* LaunchScreen.storyboard */,
				5E6A831D25DB026900B1ECA1 /* Info.plist */,
				5E6A834525DB04AB00B1ECA1 /* MoviesViewController.swift */,
				5E6A834A25DB17D900B1ECA1 /* MovieCell.swift */,
			);
			path = flixster;
			sourceTree = "<group>";
		};
		5E6A832525DB026900B1ECA1 /* flixsterTests */ = {
			isa = PBXGroup;
			children = (
				5E6A832625DB026900B1ECA1 /* flixsterTests.swift */,
				5E6A832825DB026900B1ECA1 /* Info.plist */,
			);
			path = flixsterTests;
			sourceTree = "<group>";
		};
		5E6A833025DB026900B1ECA1 /* flixsterUITests */ = {
			isa = PBXGroup;
			children = (
				5E6A833125DB026900B1ECA1 /* flixsterUITests.swift */,
				5E6A833325DB026900B1ECA1 /* Info.plist */,
			);
			path = flixsterUITests;
			sourceTree = "<group>";
		};
		685257F045A2303B01F87FCC /* Frameworks */ = {
			isa = PBXGroup;
			children = (
				62D91BFADA207EDF6371FA9D /* Pods_flixster.framework */,
				D679A0BBC2A04D5C8B3BA726 /* Pods_flixster_flixsterUITests.framework */,
				90A66B9ECE3EA24A080DC546 /* Pods_flixsterTests.framework */,
			);
			name = Frameworks;
			sourceTree = "<group>";
		};
		CA23D6EE24B8C2282F94D521 /* Pods */ = {
			isa = PBXGroup;
			children = (
				CCF94A9BBF94C4A85052744C /* Pods-flixster.debug.xcconfig */,
				FDA0FC756F2CA12322290582 /* Pods-flixster.release.xcconfig */,
				75C90CBCCB5D75E61131C8A7 /* Pods-flixster-flixsterUITests.debug.xcconfig */,
				81BDB446F7149DAA79329A0F /* Pods-flixster-flixsterUITests.release.xcconfig */,
				9F5B73253CDB1FB299FD1ADE /* Pods-flixsterTests.debug.xcconfig */,
				ABBCB8F5611D776CD1D4D727 /* Pods-flixsterTests.release.xcconfig */,
			);
			name = Pods;
			path = Pods;
			sourceTree = "<group>";
		};
/* End PBXGroup section */

/* Begin PBXNativeTarget section */
		5E6A830B25DB026500B1ECA1 /* flixster */ = {
			isa = PBXNativeTarget;
			buildConfigurationList = 5E6A833625DB026900B1ECA1 /* Build configuration list for PBXNativeTarget "flixster" */;
			buildPhases = (
				1A386D180E0CC14F841BF782 /* [CP] Check Pods Manifest.lock */,
				5E6A830825DB026500B1ECA1 /* Sources */,
				5E6A830925DB026500B1ECA1 /* Frameworks */,
				5E6A830A25DB026500B1ECA1 /* Resources */,
				D8925F39B5BC67D02D869542 /* [CP] Embed Pods Frameworks */,
			);
			buildRules = (
			);
			dependencies = (
			);
			name = flixster;
			productName = flixster;
			productReference = 5E6A830C25DB026500B1ECA1 /* flixster.app */;
			productType = "com.apple.product-type.application";
		};
		5E6A832125DB026900B1ECA1 /* flixsterTests */ = {
			isa = PBXNativeTarget;
			buildConfigurationList = 5E6A833925DB026900B1ECA1 /* Build configuration list for PBXNativeTarget "flixsterTests" */;
			buildPhases = (
				2C54178DEF290BEF4C317341 /* [CP] Check Pods Manifest.lock */,
				5E6A831E25DB026900B1ECA1 /* Sources */,
				5E6A831F25DB026900B1ECA1 /* Frameworks */,
				5E6A832025DB026900B1ECA1 /* Resources */,
			);
			buildRules = (
			);
			dependencies = (
				5E6A832425DB026900B1ECA1 /* PBXTargetDependency */,
			);
			name = flixsterTests;
			productName = flixsterTests;
			productReference = 5E6A832225DB026900B1ECA1 /* flixsterTests.xctest */;
			productType = "com.apple.product-type.bundle.unit-test";
		};
		5E6A832C25DB026900B1ECA1 /* flixsterUITests */ = {
			isa = PBXNativeTarget;
			buildConfigurationList = 5E6A833C25DB026900B1ECA1 /* Build configuration list for PBXNativeTarget "flixsterUITests" */;
			buildPhases = (
				9120E69A4B6339322F4A6A0B /* [CP] Check Pods Manifest.lock */,
				5E6A832925DB026900B1ECA1 /* Sources */,
				5E6A832A25DB026900B1ECA1 /* Frameworks */,
				5E6A832B25DB026900B1ECA1 /* Resources */,
				60296688A88650234688D876 /* [CP] Embed Pods Frameworks */,
			);
			buildRules = (
			);
			dependencies = (
				5E6A832F25DB026900B1ECA1 /* PBXTargetDependency */,
			);
			name = flixsterUITests;
			productName = flixsterUITests;
			productReference = 5E6A832D25DB026900B1ECA1 /* flixsterUITests.xctest */;
			productType = "com.apple.product-type.bundle.ui-testing";
		};
/* End PBXNativeTarget section */

/* Begin PBXProject section */
		5E6A830425DB026500B1ECA1 /* Project object */ = {
			isa = PBXProject;
			attributes = {
				LastSwiftUpdateCheck = 1240;
				LastUpgradeCheck = 1240;
				TargetAttributes = {
					5E6A830B25DB026500B1ECA1 = {
						CreatedOnToolsVersion = 12.4;
					};
					5E6A832125DB026900B1ECA1 = {
						CreatedOnToolsVersion = 12.4;
						TestTargetID = 5E6A830B25DB026500B1ECA1;
					};
					5E6A832C25DB026900B1ECA1 = {
						CreatedOnToolsVersion = 12.4;
						TestTargetID = 5E6A830B25DB026500B1ECA1;
					};
				};
			};
			buildConfigurationList = 5E6A830725DB026500B1ECA1 /* Build configuration list for PBXProject "flixster" */;
			compatibilityVersion = "Xcode 9.3";
			developmentRegion = en;
			hasScannedForEncodings = 0;
			knownRegions = (
				en,
				Base,
			);
			mainGroup = 5E6A830325DB026500B1ECA1;
			productRefGroup = 5E6A830D25DB026500B1ECA1 /* Products */;
			projectDirPath = "";
			projectRoot = "";
			targets = (
				5E6A830B25DB026500B1ECA1 /* flixster */,
				5E6A832125DB026900B1ECA1 /* flixsterTests */,
				5E6A832C25DB026900B1ECA1 /* flixsterUITests */,
			);
		};
/* End PBXProject section */

/* Begin PBXResourcesBuildPhase section */
		5E6A830A25DB026500B1ECA1 /* Resources */ = {
			isa = PBXResourcesBuildPhase;
			buildActionMask = 2147483647;
			files = (
				5E6A831C25DB026900B1ECA1 /* LaunchScreen.storyboard in Resources */,
				5E6A831925DB026900B1ECA1 /* Assets.xcassets in Resources */,
				5E6A831725DB026500B1ECA1 /* Main.storyboard in Resources */,
			);
			runOnlyForDeploymentPostprocessing = 0;
		};
		5E6A832025DB026900B1ECA1 /* Resources */ = {
			isa = PBXResourcesBuildPhase;
			buildActionMask = 2147483647;
			files = (
			);
			runOnlyForDeploymentPostprocessing = 0;
		};
		5E6A832B25DB026900B1ECA1 /* Resources */ = {
			isa = PBXResourcesBuildPhase;
			buildActionMask = 2147483647;
			files = (
			);
			runOnlyForDeploymentPostprocessing = 0;
		};
/* End PBXResourcesBuildPhase section */

/* Begin PBXShellScriptBuildPhase section */
		1A386D180E0CC14F841BF782 /* [CP] Check Pods Manifest.lock */ = {
			isa = PBXShellScriptBuildPhase;
			buildActionMask = 2147483647;
			files = (
			);
			inputFileListPaths = (
			);
			inputPaths = (
				"${PODS_PODFILE_DIR_PATH}/Podfile.lock",
				"${PODS_ROOT}/Manifest.lock",
			);
			name = "[CP] Check Pods Manifest.lock";
			outputFileListPaths = (
			);
			outputPaths = (
				"$(DERIVED_FILE_DIR)/Pods-flixster-checkManifestLockResult.txt",
			);
			runOnlyForDeploymentPostprocessing = 0;
			shellPath = /bin/sh;
			shellScript = "diff \"${PODS_PODFILE_DIR_PATH}/Podfile.lock\" \"${PODS_ROOT}/Manifest.lock\" > /dev/null\nif [ $? != 0 ] ; then\n    # print error to STDERR\n    echo \"error: The sandbox is not in sync with the Podfile.lock. Run 'pod install' or update your CocoaPods installation.\" >&2\n    exit 1\nfi\n# This output is used by Xcode 'outputs' to avoid re-running this script phase.\necho \"SUCCESS\" > \"${SCRIPT_OUTPUT_FILE_0}\"\n";
			showEnvVarsInLog = 0;
		};
		2C54178DEF290BEF4C317341 /* [CP] Check Pods Manifest.lock */ = {
			isa = PBXShellScriptBuildPhase;
			buildActionMask = 2147483647;
			files = (
			);
			inputFileListPaths = (
			);
			inputPaths = (
				"${PODS_PODFILE_DIR_PATH}/Podfile.lock",
				"${PODS_ROOT}/Manifest.lock",
			);
			name = "[CP] Check Pods Manifest.lock";
			outputFileListPaths = (
			);
			outputPaths = (
				"$(DERIVED_FILE_DIR)/Pods-flixsterTests-checkManifestLockResult.txt",
			);
			runOnlyForDeploymentPostprocessing = 0;
			shellPath = /bin/sh;
			shellScript = "diff \"${PODS_PODFILE_DIR_PATH}/Podfile.lock\" \"${PODS_ROOT}/Manifest.lock\" > /dev/null\nif [ $? != 0 ] ; then\n    # print error to STDERR\n    echo \"error: The sandbox is not in sync with the Podfile.lock. Run 'pod install' or update your CocoaPods installation.\" >&2\n    exit 1\nfi\n# This output is used by Xcode 'outputs' to avoid re-running this script phase.\necho \"SUCCESS\" > \"${SCRIPT_OUTPUT_FILE_0}\"\n";
			showEnvVarsInLog = 0;
		};
		60296688A88650234688D876 /* [CP] Embed Pods Frameworks */ = {
			isa = PBXShellScriptBuildPhase;
			buildActionMask = 2147483647;
			files = (
			);
			inputFileListPaths = (
				"${PODS_ROOT}/Target Support Files/Pods-flixster-flixsterUITests/Pods-flixster-flixsterUITests-frameworks-${CONFIGURATION}-input-files.xcfilelist",
			);
			name = "[CP] Embed Pods Frameworks";
			outputFileListPaths = (
				"${PODS_ROOT}/Target Support Files/Pods-flixster-flixsterUITests/Pods-flixster-flixsterUITests-frameworks-${CONFIGURATION}-output-files.xcfilelist",
			);
			runOnlyForDeploymentPostprocessing = 0;
			shellPath = /bin/sh;
			shellScript = "\"${PODS_ROOT}/Target Support Files/Pods-flixster-flixsterUITests/Pods-flixster-flixsterUITests-frameworks.sh\"\n";
			showEnvVarsInLog = 0;
		};
		9120E69A4B6339322F4A6A0B /* [CP] Check Pods Manifest.lock */ = {
			isa = PBXShellScriptBuildPhase;
			buildActionMask = 2147483647;
			files = (
			);
			inputFileListPaths = (
			);
			inputPaths = (
				"${PODS_PODFILE_DIR_PATH}/Podfile.lock",
				"${PODS_ROOT}/Manifest.lock",
			);
			name = "[CP] Check Pods Manifest.lock";
			outputFileListPaths = (
			);
			outputPaths = (
				"$(DERIVED_FILE_DIR)/Pods-flixster-flixsterUITests-checkManifestLockResult.txt",
			);
			runOnlyForDeploymentPostprocessing = 0;
			shellPath = /bin/sh;
			shellScript = "diff \"${PODS_PODFILE_DIR_PATH}/Podfile.lock\" \"${PODS_ROOT}/Manifest.lock\" > /dev/null\nif [ $? != 0 ] ; then\n    # print error to STDERR\n    echo \"error: The sandbox is not in sync with the Podfile.lock. Run 'pod install' or update your CocoaPods installation.\" >&2\n    exit 1\nfi\n# This output is used by Xcode 'outputs' to avoid re-running this script phase.\necho \"SUCCESS\" > \"${SCRIPT_OUTPUT_FILE_0}\"\n";
			showEnvVarsInLog = 0;
		};
		D8925F39B5BC67D02D869542 /* [CP] Embed Pods Frameworks */ = {
			isa = PBXShellScriptBuildPhase;
			buildActionMask = 2147483647;
			files = (
			);
			inputFileListPaths = (
				"${PODS_ROOT}/Target Support Files/Pods-flixster/Pods-flixster-frameworks-${CONFIGURATION}-input-files.xcfilelist",
			);
			name = "[CP] Embed Pods Frameworks";
			outputFileListPaths = (
				"${PODS_ROOT}/Target Support Files/Pods-flixster/Pods-flixster-frameworks-${CONFIGURATION}-output-files.xcfilelist",
			);
			runOnlyForDeploymentPostprocessing = 0;
			shellPath = /bin/sh;
			shellScript = "\"${PODS_ROOT}/Target Support Files/Pods-flixster/Pods-flixster-frameworks.sh\"\n";
			showEnvVarsInLog = 0;
		};
/* End PBXShellScriptBuildPhase section */

/* Begin PBXSourcesBuildPhase section */
		5E6A830825DB026500B1ECA1 /* Sources */ = {
			isa = PBXSourcesBuildPhase;
			buildActionMask = 2147483647;
			files = (
				5E6A831025DB026500B1ECA1 /* AppDelegate.swift in Sources */,
				5E6A831225DB026500B1ECA1 /* SceneDelegate.swift in Sources */,
				5E6A834B25DB17D900B1ECA1 /* MovieCell.swift in Sources */,
				5E6A834625DB04AB00B1ECA1 /* MoviesViewController.swift in Sources */,
			);
			runOnlyForDeploymentPostprocessing = 0;
		};
		5E6A831E25DB026900B1ECA1 /* Sources */ = {
			isa = PBXSourcesBuildPhase;
			buildActionMask = 2147483647;
			files = (
				5E6A832725DB026900B1ECA1 /* flixsterTests.swift in Sources */,
			);
			runOnlyForDeploymentPostprocessing = 0;
		};
		5E6A832925DB026900B1ECA1 /* Sources */ = {
			isa = PBXSourcesBuildPhase;
			buildActionMask = 2147483647;
			files = (
				5E6A833225DB026900B1ECA1 /* flixsterUITests.swift in Sources */,
			);
			runOnlyForDeploymentPostprocessing = 0;
		};
/* End PBXSourcesBuildPhase section */

/* Begin PBXTargetDependency section */
		5E6A832425DB026900B1ECA1 /* PBXTargetDependency */ = {
			isa = PBXTargetDependency;
			target = 5E6A830B25DB026500B1ECA1 /* flixster */;
			targetProxy = 5E6A832325DB026900B1ECA1 /* PBXContainerItemProxy */;
		};
		5E6A832F25DB026900B1ECA1 /* PBXTargetDependency */ = {
			isa = PBXTargetDependency;
			target = 5E6A830B25DB026500B1ECA1 /* flixster */;
			targetProxy = 5E6A832E25DB026900B1ECA1 /* PBXContainerItemProxy */;
		};
/* End PBXTargetDependency section */

/* Begin PBXVariantGroup section */
		5E6A831525DB026500B1ECA1 /* Main.storyboard */ = {
			isa = PBXVariantGroup;
			children = (
				5E6A831625DB026500B1ECA1 /* Base */,
			);
			name = Main.storyboard;
			sourceTree = "<group>";
		};
		5E6A831A25DB026900B1ECA1 /* LaunchScreen.storyboard */ = {
			isa = PBXVariantGroup;
			children = (
				5E6A831B25DB026900B1ECA1 /* Base */,
			);
			name = LaunchScreen.storyboard;
			sourceTree = "<group>";
		};
/* End PBXVariantGroup section */

/* Begin XCBuildConfiguration section */
		5E6A833425DB026900B1ECA1 /* Debug */ = {
			isa = XCBuildConfiguration;
			buildSettings = {
				ALWAYS_SEARCH_USER_PATHS = NO;
				CLANG_ANALYZER_NONNULL = YES;
				CLANG_ANALYZER_NUMBER_OBJECT_CONVERSION = YES_AGGRESSIVE;
				CLANG_CXX_LANGUAGE_STANDARD = "gnu++14";
				CLANG_CXX_LIBRARY = "libc++";
				CLANG_ENABLE_MODULES = YES;
				CLANG_ENABLE_OBJC_ARC = YES;
				CLANG_ENABLE_OBJC_WEAK = YES;
				CLANG_WARN_BLOCK_CAPTURE_AUTORELEASING = YES;
				CLANG_WARN_BOOL_CONVERSION = YES;
				CLANG_WARN_COMMA = YES;
				CLANG_WARN_CONSTANT_CONVERSION = YES;
				CLANG_WARN_DEPRECATED_OBJC_IMPLEMENTATIONS = YES;
				CLANG_WARN_DIRECT_OBJC_ISA_USAGE = YES_ERROR;
				CLANG_WARN_DOCUMENTATION_COMMENTS = YES;
				CLANG_WARN_EMPTY_BODY = YES;
				CLANG_WARN_ENUM_CONVERSION = YES;
				CLANG_WARN_INFINITE_RECURSION = YES;
				CLANG_WARN_INT_CONVERSION = YES;
				CLANG_WARN_NON_LITERAL_NULL_CONVERSION = YES;
				CLANG_WARN_OBJC_IMPLICIT_RETAIN_SELF = YES;
				CLANG_WARN_OBJC_LITERAL_CONVERSION = YES;
				CLANG_WARN_OBJC_ROOT_CLASS = YES_ERROR;
				CLANG_WARN_QUOTED_INCLUDE_IN_FRAMEWORK_HEADER = YES;
				CLANG_WARN_RANGE_LOOP_ANALYSIS = YES;
				CLANG_WARN_STRICT_PROTOTYPES = YES;
				CLANG_WARN_SUSPICIOUS_MOVE = YES;
				CLANG_WARN_UNGUARDED_AVAILABILITY = YES_AGGRESSIVE;
				CLANG_WARN_UNREACHABLE_CODE = YES;
				CLANG_WARN__DUPLICATE_METHOD_MATCH = YES;
				COPY_PHASE_STRIP = NO;
				DEBUG_INFORMATION_FORMAT = dwarf;
				ENABLE_STRICT_OBJC_MSGSEND = YES;
				ENABLE_TESTABILITY = YES;
				GCC_C_LANGUAGE_STANDARD = gnu11;
				GCC_DYNAMIC_NO_PIC = NO;
				GCC_NO_COMMON_BLOCKS = YES;
				GCC_OPTIMIZATION_LEVEL = 0;
				GCC_PREPROCESSOR_DEFINITIONS = (
					"DEBUG=1",
					"$(inherited)",
				);
				GCC_WARN_64_TO_32_BIT_CONVERSION = YES;
				GCC_WARN_ABOUT_RETURN_TYPE = YES_ERROR;
				GCC_WARN_UNDECLARED_SELECTOR = YES;
				GCC_WARN_UNINITIALIZED_AUTOS = YES_AGGRESSIVE;
				GCC_WARN_UNUSED_FUNCTION = YES;
				GCC_WARN_UNUSED_VARIABLE = YES;
				IPHONEOS_DEPLOYMENT_TARGET = 14.4;
				MTL_ENABLE_DEBUG_INFO = INCLUDE_SOURCE;
				MTL_FAST_MATH = YES;
				ONLY_ACTIVE_ARCH = YES;
				SDKROOT = iphoneos;
				SWIFT_ACTIVE_COMPILATION_CONDITIONS = DEBUG;
				SWIFT_OPTIMIZATION_LEVEL = "-Onone";
			};
			name = Debug;
		};
		5E6A833525DB026900B1ECA1 /* Release */ = {
			isa = XCBuildConfiguration;
			buildSettings = {
				ALWAYS_SEARCH_USER_PATHS = NO;
				CLANG_ANALYZER_NONNULL = YES;
				CLANG_ANALYZER_NUMBER_OBJECT_CONVERSION = YES_AGGRESSIVE;
				CLANG_CXX_LANGUAGE_STANDARD = "gnu++14";
				CLANG_CXX_LIBRARY = "libc++";
				CLANG_ENABLE_MODULES = YES;
				CLANG_ENABLE_OBJC_ARC = YES;
				CLANG_ENABLE_OBJC_WEAK = YES;
				CLANG_WARN_BLOCK_CAPTURE_AUTORELEASING = YES;
				CLANG_WARN_BOOL_CONVERSION = YES;
				CLANG_WARN_COMMA = YES;
				CLANG_WARN_CONSTANT_CONVERSION = YES;
				CLANG_WARN_DEPRECATED_OBJC_IMPLEMENTATIONS = YES;
				CLANG_WARN_DIRECT_OBJC_ISA_USAGE = YES_ERROR;
				CLANG_WARN_DOCUMENTATION_COMMENTS = YES;
				CLANG_WARN_EMPTY_BODY = YES;
				CLANG_WARN_ENUM_CONVERSION = YES;
				CLANG_WARN_INFINITE_RECURSION = YES;
				CLANG_WARN_INT_CONVERSION = YES;
				CLANG_WARN_NON_LITERAL_NULL_CONVERSION = YES;
				CLANG_WARN_OBJC_IMPLICIT_RETAIN_SELF = YES;
				CLANG_WARN_OBJC_LITERAL_CONVERSION = YES;
				CLANG_WARN_OBJC_ROOT_CLASS = YES_ERROR;
				CLANG_WARN_QUOTED_INCLUDE_IN_FRAMEWORK_HEADER = YES;
				CLANG_WARN_RANGE_LOOP_ANALYSIS = YES;
				CLANG_WARN_STRICT_PROTOTYPES = YES;
				CLANG_WARN_SUSPICIOUS_MOVE = YES;
				CLANG_WARN_UNGUARDED_AVAILABILITY = YES_AGGRESSIVE;
				CLANG_WARN_UNREACHABLE_CODE = YES;
				CLANG_WARN__DUPLICATE_METHOD_MATCH = YES;
				COPY_PHASE_STRIP = NO;
				DEBUG_INFORMATION_FORMAT = "dwarf-with-dsym";
				ENABLE_NS_ASSERTIONS = NO;
				ENABLE_STRICT_OBJC_MSGSEND = YES;
				GCC_C_LANGUAGE_STANDARD = gnu11;
				GCC_NO_COMMON_BLOCKS = YES;
				GCC_WARN_64_TO_32_BIT_CONVERSION = YES;
				GCC_WARN_ABOUT_RETURN_TYPE = YES_ERROR;
				GCC_WARN_UNDECLARED_SELECTOR = YES;
				GCC_WARN_UNINITIALIZED_AUTOS = YES_AGGRESSIVE;
				GCC_WARN_UNUSED_FUNCTION = YES;
				GCC_WARN_UNUSED_VARIABLE = YES;
				IPHONEOS_DEPLOYMENT_TARGET = 14.4;
				MTL_ENABLE_DEBUG_INFO = NO;
				MTL_FAST_MATH = YES;
				SDKROOT = iphoneos;
				SWIFT_COMPILATION_MODE = wholemodule;
				SWIFT_OPTIMIZATION_LEVEL = "-O";
				VALIDATE_PRODUCT = YES;
			};
			name = Release;
		};
		5E6A833725DB026900B1ECA1 /* Debug */ = {
			isa = XCBuildConfiguration;
			baseConfigurationReference = CCF94A9BBF94C4A85052744C /* Pods-flixster.debug.xcconfig */;
			buildSettings = {
				ASSETCATALOG_COMPILER_APPICON_NAME = AppIcon;
				ASSETCATALOG_COMPILER_GLOBAL_ACCENT_COLOR_NAME = AccentColor;
				CODE_SIGN_STYLE = Automatic;
				INFOPLIST_FILE = flixster/Info.plist;
				LD_RUNPATH_SEARCH_PATHS = (
					"$(inherited)",
					"@executable_path/Frameworks",
				);
				PRODUCT_BUNDLE_IDENTIFIER = melekgeorge.flixster;
				PRODUCT_NAME = "$(TARGET_NAME)";
				SWIFT_VERSION = 5.0;
				TARGETED_DEVICE_FAMILY = "1,2";
			};
			name = Debug;
		};
		5E6A833825DB026900B1ECA1 /* Release */ = {
			isa = XCBuildConfiguration;
			baseConfigurationReference = FDA0FC756F2CA12322290582 /* Pods-flixster.release.xcconfig */;
			buildSettings = {
				ASSETCATALOG_COMPILER_APPICON_NAME = AppIcon;
				ASSETCATALOG_COMPILER_GLOBAL_ACCENT_COLOR_NAME = AccentColor;
				CODE_SIGN_STYLE = Automatic;
				INFOPLIST_FILE = flixster/Info.plist;
				LD_RUNPATH_SEARCH_PATHS = (
					"$(inherited)",
					"@executable_path/Frameworks",
				);
				PRODUCT_BUNDLE_IDENTIFIER = melekgeorge.flixster;
				PRODUCT_NAME = "$(TARGET_NAME)";
				SWIFT_VERSION = 5.0;
				TARGETED_DEVICE_FAMILY = "1,2";
			};
			name = Release;
		};
		5E6A833A25DB026900B1ECA1 /* Debug */ = {
			isa = XCBuildConfiguration;
			baseConfigurationReference = 9F5B73253CDB1FB299FD1ADE /* Pods-flixsterTests.debug.xcconfig */;
			buildSettings = {
				ALWAYS_EMBED_SWIFT_STANDARD_LIBRARIES = YES;
				BUNDLE_LOADER = "$(TEST_HOST)";
				CODE_SIGN_STYLE = Automatic;
				INFOPLIST_FILE = flixsterTests/Info.plist;
				IPHONEOS_DEPLOYMENT_TARGET = 14.4;
				LD_RUNPATH_SEARCH_PATHS = (
					"$(inherited)",
					"@executable_path/Frameworks",
					"@loader_path/Frameworks",
				);
				PRODUCT_BUNDLE_IDENTIFIER = melekgeorge.flixsterTests;
				PRODUCT_NAME = "$(TARGET_NAME)";
				SWIFT_VERSION = 5.0;
				TARGETED_DEVICE_FAMILY = "1,2";
				TEST_HOST = "$(BUILT_PRODUCTS_DIR)/flixster.app/flixster";
			};
			name = Debug;
		};
		5E6A833B25DB026900B1ECA1 /* Release */ = {
			isa = XCBuildConfiguration;
			baseConfigurationReference = ABBCB8F5611D776CD1D4D727 /* Pods-flixsterTests.release.xcconfig */;
			buildSettings = {
				ALWAYS_EMBED_SWIFT_STANDARD_LIBRARIES = YES;
				BUNDLE_LOADER = "$(TEST_HOST)";
				CODE_SIGN_STYLE = Automatic;
				INFOPLIST_FILE = flixsterTests/Info.plist;
				IPHONEOS_DEPLOYMENT_TARGET = 14.4;
				LD_RUNPATH_SEARCH_PATHS = (
					"$(inherited)",
					"@executable_path/Frameworks",
					"@loader_path/Frameworks",
				);
				PRODUCT_BUNDLE_IDENTIFIER = melekgeorge.flixsterTests;
				PRODUCT_NAME = "$(TARGET_NAME)";
				SWIFT_VERSION = 5.0;
				TARGETED_DEVICE_FAMILY = "1,2";
				TEST_HOST = "$(BUILT_PRODUCTS_DIR)/flixster.app/flixster";
			};
			name = Release;
		};
		5E6A833D25DB026900B1ECA1 /* Debug */ = {
			isa = XCBuildConfiguration;
			baseConfigurationReference = 75C90CBCCB5D75E61131C8A7 /* Pods-flixster-flixsterUITests.debug.xcconfig */;
			buildSettings = {
				ALWAYS_EMBED_SWIFT_STANDARD_LIBRARIES = YES;
				CODE_SIGN_STYLE = Automatic;
				INFOPLIST_FILE = flixsterUITests/Info.plist;
				LD_RUNPATH_SEARCH_PATHS = (
					"$(inherited)",
					"@executable_path/Frameworks",
					"@loader_path/Frameworks",
				);
				PRODUCT_BUNDLE_IDENTIFIER = melekgeorge.flixsterUITests;
				PRODUCT_NAME = "$(TARGET_NAME)";
				SWIFT_VERSION = 5.0;
				TARGETED_DEVICE_FAMILY = "1,2";
				TEST_TARGET_NAME = flixster;
			};
			name = Debug;
		};
		5E6A833E25DB026900B1ECA1 /* Release */ = {
			isa = XCBuildConfiguration;
			baseConfigurationReference = 81BDB446F7149DAA79329A0F /* Pods-flixster-flixsterUITests.release.xcconfig */;
			buildSettings = {
				ALWAYS_EMBED_SWIFT_STANDARD_LIBRARIES = YES;
				CODE_SIGN_STYLE = Automatic;
				INFOPLIST_FILE = flixsterUITests/Info.plist;
				LD_RUNPATH_SEARCH_PATHS = (
					"$(inherited)",
					"@executable_path/Frameworks",
					"@loader_path/Frameworks",
				);
				PRODUCT_BUNDLE_IDENTIFIER = melekgeorge.flixsterUITests;
				PRODUCT_NAME = "$(TARGET_NAME)";
				SWIFT_VERSION = 5.0;
				TARGETED_DEVICE_FAMILY = "1,2";
				TEST_TARGET_NAME = flixster;
			};
			name = Release;
		};
/* End XCBuildConfiguration section */

/* Begin XCConfigurationList section */
		5E6A830725DB026500B1ECA1 /* Build configuration list for PBXProject "flixster" */ = {
			isa = XCConfigurationList;
			buildConfigurations = (
				5E6A833425DB026900B1ECA1 /* Debug */,
				5E6A833525DB026900B1ECA1 /* Release */,
			);
			defaultConfigurationIsVisible = 0;
			defaultConfigurationName = Release;
		};
		5E6A833625DB026900B1ECA1 /* Build configuration list for PBXNativeTarget "flixster" */ = {
			isa = XCConfigurationList;
			buildConfigurations = (
				5E6A833725DB026900B1ECA1 /* Debug */,
				5E6A833825DB026900B1ECA1 /* Release */,
			);
			defaultConfigurationIsVisible = 0;
			defaultConfigurationName = Release;
		};
		5E6A833925DB026900B1ECA1 /* Build configuration list for PBXNativeTarget "flixsterTests" */ = {
			isa = XCConfigurationList;
			buildConfigurations = (
				5E6A833A25DB026900B1ECA1 /* Debug */,
				5E6A833B25DB026900B1ECA1 /* Release */,
			);
			defaultConfigurationIsVisible = 0;
			defaultConfigurationName = Release;
		};
		5E6A833C25DB026900B1ECA1 /* Build configuration list for PBXNativeTarget "flixsterUITests" */ = {
			isa = XCConfigurationList;
			buildConfigurations = (
				5E6A833D25DB026900B1ECA1 /* Debug */,
				5E6A833E25DB026900B1ECA1 /* Release */,
			);
			defaultConfigurationIsVisible = 0;
			defaultConfigurationName = Release;
		};
/* End XCConfigurationList section */
	};
	rootObject = 5E6A830425DB026500B1ECA1 /* Project object */;
}
